
Microsoft Visual Studio Solution File, Format Version 12.00
# Visual Studio Version 17
VisualStudioVersion = 17.14.36127.28 d17.14
MinimumVisualStudioVersion = 10.0.40219.1
Project("{FAE04EC0-301F-11D3-BF4B-00C04F79EFBC}") = "Patika.CodeFirst.App", "Patika.CodeFirst.App\Patika.CodeFirst.App.csproj", "{83B00183-E239-41A3-B3BE-6DDCD611F3FC}"
EndProject
Global
	GlobalSection(SolutionConfigurationPlatforms) = preSolution
		Debug|Any CPU = Debug|Any CPU
		Release|Any CPU = Release|Any CPU
	EndGlobalSection
	GlobalSection(ProjectConfigurationPlatforms) = postSolution
		{83B00183-E239-41A3-B3BE-6DDCD611F3FC}.Debug|Any CPU.ActiveCfg = Debug|Any CPU
		{83B00183-E239-41A3-B3BE-6DDCD611F3FC}.Debug|Any CPU.Build.0 = Debug|Any CPU
		{83B00183-E239-41A3-B3BE-6DDCD611F3FC}.Release|Any CPU.ActiveCfg = Release|Any CPU
		{83B00183-E239-41A3-B3BE-6DDCD611F3FC}.Release|Any CPU.Build.0 = Release|Any CPU
	EndGlobalSection
	GlobalSection(SolutionProperties) = preSolution
		HideSolutionNode = FALSE
	EndGlobalSection
	GlobalSection(ExtensibilityGlobals) = postSolution
		SolutionGuid = {2D173ECB-F295-48D6-8BC1-8911101679CA}
	EndGlobalSection
EndGlobal
